
Microsoft Visual Studio Solution File, Format Version 12.00
# Visual Studio Version 16
VisualStudioVersion = 16.0.36422.26
MinimumVisualStudioVersion = 10.0.40219.1
Project("{FAE04EC0-301F-11D3-BF4B-00C04F79EFBC}") = "departamental", "departamental\departamental.csproj", "{E962D1EC-0073-4488-9643-8C09DB3957E6}"
EndProject
Global
	GlobalSection(SolutionConfigurationPlatforms) = preSolution
		Debug|Any CPU = Debug|Any CPU
		Release|Any CPU = Release|Any CPU
	EndGlobalSection
	GlobalSection(ProjectConfigurationPlatforms) = postSolution
		{E962D1EC-0073-4488-9643-8C09DB3957E6}.Debug|Any CPU.ActiveCfg = Debug|Any CPU
		{E962D1EC-0073-4488-9643-8C09DB3957E6}.Debug|Any CPU.Build.0 = Debug|Any CPU
		{E962D1EC-0073-4488-9643-8C09DB3957E6}.Release|Any CPU.ActiveCfg = Release|Any CPU
		{E962D1EC-0073-4488-9643-8C09DB3957E6}.Release|Any CPU.Build.0 = Release|Any CPU
	EndGlobalSection
	GlobalSection(SolutionProperties) = preSolution
		HideSolutionNode = FALSE
	EndGlobalSection
	GlobalSection(ExtensibilityGlobals) = postSolution
		SolutionGuid = {0191F24E-C870-4158-985D-2245CA2B1140}
	EndGlobalSection
EndGlobal
